
Microsoft Visual Studio Solution File, Format Version 12.00
# Visual Studio Version 16
VisualStudioVersion = 16.0.29209.62
MinimumVisualStudioVersion = 10.0.40219.1
Project("{FAE04EC0-301F-11D3-BF4B-00C04F79EFBC}") = "DungeonCrawler", "DungeonCrawler.csproj", "{C66C906B-A5FE-4EF5-B4E7-71B8E7343BFC}"
EndProject
Global
	GlobalSection(SolutionConfigurationPlatforms) = preSolution
		Debug|Any CPU = Debug|Any CPU
		Release|Any CPU = Release|Any CPU
	EndGlobalSection
	GlobalSection(ProjectConfigurationPlatforms) = postSolution
		{C66C906B-A5FE-4EF5-B4E7-71B8E7343BFC}.Debug|Any CPU.ActiveCfg = Debug|Any CPU
		{C66C906B-A5FE-4EF5-B4E7-71B8E7343BFC}.Debug|Any CPU.Build.0 = Debug|Any CPU
		{C66C906B-A5FE-4EF5-B4E7-71B8E7343BFC}.Release|Any CPU.ActiveCfg = Release|Any CPU
		{C66C906B-A5FE-4EF5-B4E7-71B8E7343BFC}.Release|Any CPU.Build.0 = Release|Any CPU
	EndGlobalSection
	GlobalSection(SolutionProperties) = preSolution
		HideSolutionNode = FALSE
	EndGlobalSection
	GlobalSection(ExtensibilityGlobals) = postSolution
		SolutionGuid = {0ACC40EC-02C3-418A-86D7-58F573AB9D10}
	EndGlobalSection
EndGlobal
